
Microsoft Visual Studio Solution File, Format Version 11.00
# Visual Studio 2010
Project("{FAE04EC0-301F-11D3-BF4B-00C04F79EFBC}") = "Assembly-CSharp", "Assembly-CSharp.csproj", "{D41FCECA-CC34-1754-95A5-C3746A83746D}"
EndProject
Project("{FAE04EC0-301F-11D3-BF4B-00C04F79EFBC}") = "Assembly-CSharp-Editor", "Assembly-CSharp-Editor.csproj", "{B85C9F9E-A59A-5270-380D-08CE9FD83595}"
EndProject
Global
	GlobalSection(SolutionConfigurationPlatforms) = preSolution
		Debug|Any CPU = Debug|Any CPU
		Release|Any CPU = Release|Any CPU
	EndGlobalSection
	GlobalSection(ProjectConfigurationPlatforms) = postSolution
		{D41FCECA-CC34-1754-95A5-C3746A83746D}.Debug|Any CPU.ActiveCfg = Debug|Any CPU
		{D41FCECA-CC34-1754-95A5-C3746A83746D}.Debug|Any CPU.Build.0 = Debug|Any CPU
		{D41FCECA-CC34-1754-95A5-C3746A83746D}.Release|Any CPU.ActiveCfg = Release|Any CPU
		{D41FCECA-CC34-1754-95A5-C3746A83746D}.Release|Any CPU.Build.0 = Release|Any CPU
		{B85C9F9E-A59A-5270-380D-08CE9FD83595}.Debug|Any CPU.ActiveCfg = Debug|Any CPU
		{B85C9F9E-A59A-5270-380D-08CE9FD83595}.Debug|Any CPU.Build.0 = Debug|Any CPU
		{B85C9F9E-A59A-5270-380D-08CE9FD83595}.Release|Any CPU.ActiveCfg = Release|Any CPU
		{B85C9F9E-A59A-5270-380D-08CE9FD83595}.Release|Any CPU.Build.0 = Release|Any CPU
	EndGlobalSection
	GlobalSection(SolutionProperties) = preSolution
		HideSolutionNode = FALSE
	EndGlobalSection
EndGlobal
